// !$*UTF8*$!
{
	archiveVersion = 1;
	classes = {
	};
	objectVersion = 56;
	objects = {

/* Begin PBXBuildFile section */
		AC3110FE2A5AD3780061869E /* CollectionViewTableViewCell.swift in Sources */ = {isa = PBXBuildFile; fileRef = AC3110FD2A5AD3780061869E /* CollectionViewTableViewCell.swift */; };
		AC3111002A5ADB060061869E /* HeroHeaderView.swift in Sources */ = {isa = PBXBuildFile; fileRef = AC3110FF2A5ADB060061869E /* HeroHeaderView.swift */; };
		AC3111062A5C3E180061869E /* APIManager.swift in Sources */ = {isa = PBXBuildFile; fileRef = AC3111052A5C3E180061869E /* APIManager.swift */; };
		AC3111082A5C4AA50061869E /* Movie.swift in Sources */ = {isa = PBXBuildFile; fileRef = AC3111072A5C4AA50061869E /* Movie.swift */; };
		AC4E3A962A59E246007B7A87 /* AppDelegate.swift in Sources */ = {isa = PBXBuildFile; fileRef = AC4E3A952A59E246007B7A87 /* AppDelegate.swift */; };
		AC4E3A982A59E246007B7A87 /* SceneDelegate.swift in Sources */ = {isa = PBXBuildFile; fileRef = AC4E3A972A59E246007B7A87 /* SceneDelegate.swift */; };
		AC4E3A9A2A59E246007B7A87 /* MainTabBarViewController.swift in Sources */ = {isa = PBXBuildFile; fileRef = AC4E3A992A59E246007B7A87 /* MainTabBarViewController.swift */; };
		AC4E3A9F2A59E248007B7A87 /* Assets.xcassets in Resources */ = {isa = PBXBuildFile; fileRef = AC4E3A9E2A59E248007B7A87 /* Assets.xcassets */; };
		AC4E3AA22A59E248007B7A87 /* LaunchScreen.storyboard in Resources */ = {isa = PBXBuildFile; fileRef = AC4E3AA02A59E248007B7A87 /* LaunchScreen.storyboard */; };
		AC4E3AAB2A59E699007B7A87 /* HomeViewController.swift in Sources */ = {isa = PBXBuildFile; fileRef = AC4E3AAA2A59E699007B7A87 /* HomeViewController.swift */; };
		AC4E3AAD2A59E71C007B7A87 /* UpcomingViewController.swift in Sources */ = {isa = PBXBuildFile; fileRef = AC4E3AAC2A59E71C007B7A87 /* UpcomingViewController.swift */; };
		AC4E3AAF2A59E75E007B7A87 /* SearchViewController.swift in Sources */ = {isa = PBXBuildFile; fileRef = AC4E3AAE2A59E75E007B7A87 /* SearchViewController.swift */; };
		AC4E3AB12A59E7A4007B7A87 /* DownloadsViewController.swift in Sources */ = {isa = PBXBuildFile; fileRef = AC4E3AB02A59E7A4007B7A87 /* DownloadsViewController.swift */; };
/* End PBXBuildFile section */

/* Begin PBXFileReference section */
		AC3110FD2A5AD3780061869E /* CollectionViewTableViewCell.swift */ = {isa = PBXFileReference; lastKnownFileType = sourcecode.swift; path = CollectionViewTableViewCell.swift; sourceTree = "<group>"; };
		AC3110FF2A5ADB060061869E /* HeroHeaderView.swift */ = {isa = PBXFileReference; lastKnownFileType = sourcecode.swift; path = HeroHeaderView.swift; sourceTree = "<group>"; };
		AC3111052A5C3E180061869E /* APIManager.swift */ = {isa = PBXFileReference; lastKnownFileType = sourcecode.swift; path = APIManager.swift; sourceTree = "<group>"; };
		AC3111072A5C4AA50061869E /* Movie.swift */ = {isa = PBXFileReference; lastKnownFileType = sourcecode.swift; path = Movie.swift; sourceTree = "<group>"; };
		AC4E3A922A59E246007B7A87 /* NetflixCopy.app */ = {isa = PBXFileReference; explicitFileType = wrapper.application; includeInIndex = 0; path = NetflixCopy.app; sourceTree = BUILT_PRODUCTS_DIR; };
		AC4E3A952A59E246007B7A87 /* AppDelegate.swift */ = {isa = PBXFileReference; lastKnownFileType = sourcecode.swift; path = AppDelegate.swift; sourceTree = "<group>"; };
		AC4E3A972A59E246007B7A87 /* SceneDelegate.swift */ = {isa = PBXFileReference; lastKnownFileType = sourcecode.swift; path = SceneDelegate.swift; sourceTree = "<group>"; };
		AC4E3A992A59E246007B7A87 /* MainTabBarViewController.swift */ = {isa = PBXFileReference; lastKnownFileType = sourcecode.swift; path = MainTabBarViewController.swift; sourceTree = "<group>"; };
		AC4E3A9E2A59E248007B7A87 /* Assets.xcassets */ = {isa = PBXFileReference; lastKnownFileType = folder.assetcatalog; path = Assets.xcassets; sourceTree = "<group>"; };
		AC4E3AA12A59E248007B7A87 /* Base */ = {isa = PBXFileReference; lastKnownFileType = file.storyboard; name = Base; path = Base.lproj/LaunchScreen.storyboard; sourceTree = "<group>"; };
		AC4E3AA32A59E248007B7A87 /* Info.plist */ = {isa = PBXFileReference; lastKnownFileType = text.plist.xml; path = Info.plist; sourceTree = "<group>"; };
		AC4E3AAA2A59E699007B7A87 /* HomeViewController.swift */ = {isa = PBXFileReference; lastKnownFileType = sourcecode.swift; path = HomeViewController.swift; sourceTree = "<group>"; };
		AC4E3AAC2A59E71C007B7A87 /* UpcomingViewController.swift */ = {isa = PBXFileReference; lastKnownFileType = sourcecode.swift; path = UpcomingViewController.swift; sourceTree = "<group>"; };
		AC4E3AAE2A59E75E007B7A87 /* SearchViewController.swift */ = {isa = PBXFileReference; lastKnownFileType = sourcecode.swift; path = SearchViewController.swift; sourceTree = "<group>"; };
		AC4E3AB02A59E7A4007B7A87 /* DownloadsViewController.swift */ = {isa = PBXFileReference; lastKnownFileType = sourcecode.swift; path = DownloadsViewController.swift; sourceTree = "<group>"; };
/* End PBXFileReference section */

/* Begin PBXFrameworksBuildPhase section */
		AC4E3A8F2A59E246007B7A87 /* Frameworks */ = {
			isa = PBXFrameworksBuildPhase;
			buildActionMask = 2147483647;
			files = (
			);
			runOnlyForDeploymentPostprocessing = 0;
		};
/* End PBXFrameworksBuildPhase section */

/* Begin PBXGroup section */
		AC3110F82A5AD2A20061869E /* Views */ = {
			isa = PBXGroup;
			children = (
				AC3110FD2A5AD3780061869E /* CollectionViewTableViewCell.swift */,
				AC3110FF2A5ADB060061869E /* HeroHeaderView.swift */,
			);
			path = Views;
			sourceTree = "<group>";
		};
		AC3110F92A5AD2B60061869E /* ViewModels */ = {
			isa = PBXGroup;
			children = (
			);
			path = ViewModels;
			sourceTree = "<group>";
		};
		AC3110FA2A5AD2CB0061869E /* Models */ = {
			isa = PBXGroup;
			children = (
				AC3111072A5C4AA50061869E /* Movie.swift */,
			);
			path = Models;
			sourceTree = "<group>";
		};
		AC3110FB2A5AD3090061869E /* Resources */ = {
			isa = PBXGroup;
			children = (
			);
			path = Resources;
			sourceTree = "<group>";
		};
		AC3110FC2A5AD3140061869E /* Managers */ = {
			isa = PBXGroup;
			children = (
				AC3111052A5C3E180061869E /* APIManager.swift */,
			);
			path = Managers;
			sourceTree = "<group>";
		};
		AC4E3A892A59E246007B7A87 = {
			isa = PBXGroup;
			children = (
				AC4E3A942A59E246007B7A87 /* NetflixCopy */,
				AC4E3A932A59E246007B7A87 /* Products */,
			);
			sourceTree = "<group>";
		};
		AC4E3A932A59E246007B7A87 /* Products */ = {
			isa = PBXGroup;
			children = (
				AC4E3A922A59E246007B7A87 /* NetflixCopy.app */,
			);
			name = Products;
			sourceTree = "<group>";
		};
		AC4E3A942A59E246007B7A87 /* NetflixCopy */ = {
			isa = PBXGroup;
			children = (
				AC3110FC2A5AD3140061869E /* Managers */,
				AC3110FB2A5AD3090061869E /* Resources */,
				AC3110FA2A5AD2CB0061869E /* Models */,
				AC3110F82A5AD2A20061869E /* Views */,
				AC3110F92A5AD2B60061869E /* ViewModels */,
				AC4E3A952A59E246007B7A87 /* AppDelegate.swift */,
				AC4E3A972A59E246007B7A87 /* SceneDelegate.swift */,
				AC4E3AA92A59E663007B7A87 /* Controllers */,
				AC4E3A9E2A59E248007B7A87 /* Assets.xcassets */,
				AC4E3AA02A59E248007B7A87 /* LaunchScreen.storyboard */,
				AC4E3AA32A59E248007B7A87 /* Info.plist */,
			);
			path = NetflixCopy;
			sourceTree = "<group>";
		};
		AC4E3AA92A59E663007B7A87 /* Controllers */ = {
			isa = PBXGroup;
			children = (
				AC4E3A992A59E246007B7A87 /* MainTabBarViewController.swift */,
				AC4E3AAA2A59E699007B7A87 /* HomeViewController.swift */,
				AC4E3AAC2A59E71C007B7A87 /* UpcomingViewController.swift */,
				AC4E3AAE2A59E75E007B7A87 /* SearchViewController.swift */,
				AC4E3AB02A59E7A4007B7A87 /* DownloadsViewController.swift */,
			);
			path = Controllers;
			sourceTree = "<group>";
		};
/* End PBXGroup section */

/* Begin PBXNativeTarget section */
		AC4E3A912A59E246007B7A87 /* NetflixCopy */ = {
			isa = PBXNativeTarget;
			buildConfigurationList = AC4E3AA62A59E248007B7A87 /* Build configuration list for PBXNativeTarget "NetflixCopy" */;
			buildPhases = (
				AC4E3A8E2A59E246007B7A87 /* Sources */,
				AC4E3A8F2A59E246007B7A87 /* Frameworks */,
				AC4E3A902A59E246007B7A87 /* Resources */,
			);
			buildRules = (
			);
			dependencies = (
			);
			name = NetflixCopy;
			productName = NetflixCopy;
			productReference = AC4E3A922A59E246007B7A87 /* NetflixCopy.app */;
			productType = "com.apple.product-type.application";
		};
/* End PBXNativeTarget section */

/* Begin PBXProject section */
		AC4E3A8A2A59E246007B7A87 /* Project object */ = {
			isa = PBXProject;
			attributes = {
				BuildIndependentTargetsInParallel = 1;
				LastSwiftUpdateCheck = 1430;
				LastUpgradeCheck = 1430;
				TargetAttributes = {
					AC4E3A912A59E246007B7A87 = {
						CreatedOnToolsVersion = 14.3.1;
					};
				};
			};
			buildConfigurationList = AC4E3A8D2A59E246007B7A87 /* Build configuration list for PBXProject "NetflixCopy" */;
			compatibilityVersion = "Xcode 14.0";
			developmentRegion = en;
			hasScannedForEncodings = 0;
			knownRegions = (
				en,
				Base,
			);
			mainGroup = AC4E3A892A59E246007B7A87;
			productRefGroup = AC4E3A932A59E246007B7A87 /* Products */;
			projectDirPath = "";
			projectRoot = "";
			targets = (
				AC4E3A912A59E246007B7A87 /* NetflixCopy */,
			);
		};
/* End PBXProject section */

/* Begin PBXResourcesBuildPhase section */
		AC4E3A902A59E246007B7A87 /* Resources */ = {
			isa = PBXResourcesBuildPhase;
			buildActionMask = 2147483647;
			files = (
				AC4E3AA22A59E248007B7A87 /* LaunchScreen.storyboard in Resources */,
				AC4E3A9F2A59E248007B7A87 /* Assets.xcassets in Resources */,
			);
			runOnlyForDeploymentPostprocessing = 0;
		};
/* End PBXResourcesBuildPhase section */

/* Begin PBXSourcesBuildPhase section */
		AC4E3A8E2A59E246007B7A87 /* Sources */ = {
			isa = PBXSourcesBuildPhase;
			buildActionMask = 2147483647;
			files = (
				AC4E3AAF2A59E75E007B7A87 /* SearchViewController.swift in Sources */,
				AC4E3A9A2A59E246007B7A87 /* MainTabBarViewController.swift in Sources */,
				AC3111062A5C3E180061869E /* APIManager.swift in Sources */,
				AC3110FE2A5AD3780061869E /* CollectionViewTableViewCell.swift in Sources */,
				AC3111002A5ADB060061869E /* HeroHeaderView.swift in Sources */,
				AC4E3AB12A59E7A4007B7A87 /* DownloadsViewController.swift in Sources */,
				AC4E3A962A59E246007B7A87 /* AppDelegate.swift in Sources */,
				AC4E3AAB2A59E699007B7A87 /* HomeViewController.swift in Sources */,
				AC4E3AAD2A59E71C007B7A87 /* UpcomingViewController.swift in Sources */,
				AC3111082A5C4AA50061869E /* Movie.swift in Sources */,
				AC4E3A982A59E246007B7A87 /* SceneDelegate.swift in Sources */,
			);
			runOnlyForDeploymentPostprocessing = 0;
		};
/* End PBXSourcesBuildPhase section */

/* Begin PBXVariantGroup section */
		AC4E3AA02A59E248007B7A87 /* LaunchScreen.storyboard */ = {
			isa = PBXVariantGroup;
			children = (
				AC4E3AA12A59E248007B7A87 /* Base */,
			);
			name = LaunchScreen.storyboard;
			sourceTree = "<group>";
		};
/* End PBXVariantGroup section */

/* Begin XCBuildConfiguration section */
		AC4E3AA42A59E248007B7A87 /* Debug */ = {
			isa = XCBuildConfiguration;
			buildSettings = {
				ALWAYS_SEARCH_USER_PATHS = NO;
				CLANG_ANALYZER_NONNULL = YES;
				CLANG_ANALYZER_NUMBER_OBJECT_CONVERSION = YES_AGGRESSIVE;
				CLANG_CXX_LANGUAGE_STANDARD = "gnu++20";
				CLANG_ENABLE_MODULES = YES;
				CLANG_ENABLE_OBJC_ARC = YES;
				CLANG_ENABLE_OBJC_WEAK = YES;
				CLANG_WARN_BLOCK_CAPTURE_AUTORELEASING = YES;
				CLANG_WARN_BOOL_CONVERSION = YES;
				CLANG_WARN_COMMA = YES;
				CLANG_WARN_CONSTANT_CONVERSION = YES;
				CLANG_WARN_DEPRECATED_OBJC_IMPLEMENTATIONS = YES;
				CLANG_WARN_DIRECT_OBJC_ISA_USAGE = YES_ERROR;
				CLANG_WARN_DOCUMENTATION_COMMENTS = YES;
				CLANG_WARN_EMPTY_BODY = YES;
				CLANG_WARN_ENUM_CONVERSION = YES;
				CLANG_WARN_INFINITE_RECURSION = YES;
				CLANG_WARN_INT_CONVERSION = YES;
				CLANG_WARN_NON_LITERAL_NULL_CONVERSION = YES;
				CLANG_WARN_OBJC_IMPLICIT_RETAIN_SELF = YES;
				CLANG_WARN_OBJC_LITERAL_CONVERSION = YES;
				CLANG_WARN_OBJC_ROOT_CLASS = YES_ERROR;
				CLANG_WARN_QUOTED_INCLUDE_IN_FRAMEWORK_HEADER = YES;
				CLANG_WARN_RANGE_LOOP_ANALYSIS = YES;
				CLANG_WARN_STRICT_PROTOTYPES = YES;
				CLANG_WARN_SUSPICIOUS_MOVE = YES;
				CLANG_WARN_UNGUARDED_AVAILABILITY = YES_AGGRESSIVE;
				CLANG_WARN_UNREACHABLE_CODE = YES;
				CLANG_WARN__DUPLICATE_METHOD_MATCH = YES;
				COPY_PHASE_STRIP = NO;
				DEBUG_INFORMATION_FORMAT = dwarf;
				ENABLE_STRICT_OBJC_MSGSEND = YES;
				ENABLE_TESTABILITY = YES;
				GCC_C_LANGUAGE_STANDARD = gnu11;
				GCC_DYNAMIC_NO_PIC = NO;
				GCC_NO_COMMON_BLOCKS = YES;
				GCC_OPTIMIZATION_LEVEL = 0;
				GCC_PREPROCESSOR_DEFINITIONS = (
					"DEBUG=1",
					"$(inherited)",
				);
				GCC_WARN_64_TO_32_BIT_CONVERSION = YES;
				GCC_WARN_ABOUT_RETURN_TYPE = YES_ERROR;
				GCC_WARN_UNDECLARED_SELECTOR = YES;
				GCC_WARN_UNINITIALIZED_AUTOS = YES_AGGRESSIVE;
				GCC_WARN_UNUSED_FUNCTION = YES;
				GCC_WARN_UNUSED_VARIABLE = YES;
				IPHONEOS_DEPLOYMENT_TARGET = 16.4;
				MTL_ENABLE_DEBUG_INFO = INCLUDE_SOURCE;
				MTL_FAST_MATH = YES;
				ONLY_ACTIVE_ARCH = YES;
				SDKROOT = iphoneos;
				SWIFT_ACTIVE_COMPILATION_CONDITIONS = DEBUG;
				SWIFT_OPTIMIZATION_LEVEL = "-Onone";
			};
			name = Debug;
		};
		AC4E3AA52A59E248007B7A87 /* Release */ = {
			isa = XCBuildConfiguration;
			buildSettings = {
				ALWAYS_SEARCH_USER_PATHS = NO;
				CLANG_ANALYZER_NONNULL = YES;
				CLANG_ANALYZER_NUMBER_OBJECT_CONVERSION = YES_AGGRESSIVE;
				CLANG_CXX_LANGUAGE_STANDARD = "gnu++20";
				CLANG_ENABLE_MODULES = YES;
				CLANG_ENABLE_OBJC_ARC = YES;
				CLANG_ENABLE_OBJC_WEAK = YES;
				CLANG_WARN_BLOCK_CAPTURE_AUTORELEASING = YES;
				CLANG_WARN_BOOL_CONVERSION = YES;
				CLANG_WARN_COMMA = YES;
				CLANG_WARN_CONSTANT_CONVERSION = YES;
				CLANG_WARN_DEPRECATED_OBJC_IMPLEMENTATIONS = YES;
				CLANG_WARN_DIRECT_OBJC_ISA_USAGE = YES_ERROR;
				CLANG_WARN_DOCUMENTATION_COMMENTS = YES;
				CLANG_WARN_EMPTY_BODY = YES;
				CLANG_WARN_ENUM_CONVERSION = YES;
				CLANG_WARN_INFINITE_RECURSION = YES;
				CLANG_WARN_INT_CONVERSION = YES;
				CLANG_WARN_NON_LITERAL_NULL_CONVERSION = YES;
				CLANG_WARN_OBJC_IMPLICIT_RETAIN_SELF = YES;
				CLANG_WARN_OBJC_LITERAL_CONVERSION = YES;
				CLANG_WARN_OBJC_ROOT_CLASS = YES_ERROR;
				CLANG_WARN_QUOTED_INCLUDE_IN_FRAMEWORK_HEADER = YES;
				CLANG_WARN_RANGE_LOOP_ANALYSIS = YES;
				CLANG_WARN_STRICT_PROTOTYPES = YES;
				CLANG_WARN_SUSPICIOUS_MOVE = YES;
				CLANG_WARN_UNGUARDED_AVAILABILITY = YES_AGGRESSIVE;
				CLANG_WARN_UNREACHABLE_CODE = YES;
				CLANG_WARN__DUPLICATE_METHOD_MATCH = YES;
				COPY_PHASE_STRIP = NO;
				DEBUG_INFORMATION_FORMAT = "dwarf-with-dsym";
				ENABLE_NS_ASSERTIONS = NO;
				ENABLE_STRICT_OBJC_MSGSEND = YES;
				GCC_C_LANGUAGE_STANDARD = gnu11;
				GCC_NO_COMMON_BLOCKS = YES;
				GCC_WARN_64_TO_32_BIT_CONVERSION = YES;
				GCC_WARN_ABOUT_RETURN_TYPE = YES_ERROR;
				GCC_WARN_UNDECLARED_SELECTOR = YES;
				GCC_WARN_UNINITIALIZED_AUTOS = YES_AGGRESSIVE;
				GCC_WARN_UNUSED_FUNCTION = YES;
				GCC_WARN_UNUSED_VARIABLE = YES;
				IPHONEOS_DEPLOYMENT_TARGET = 16.4;
				MTL_ENABLE_DEBUG_INFO = NO;
				MTL_FAST_MATH = YES;
				SDKROOT = iphoneos;
				SWIFT_COMPILATION_MODE = wholemodule;
				SWIFT_OPTIMIZATION_LEVEL = "-O";
				VALIDATE_PRODUCT = YES;
			};
			name = Release;
		};
		AC4E3AA72A59E248007B7A87 /* Debug */ = {
			isa = XCBuildConfiguration;
			buildSettings = {
				ASSETCATALOG_COMPILER_APPICON_NAME = AppIcon;
				ASSETCATALOG_COMPILER_GLOBAL_ACCENT_COLOR_NAME = AccentColor;
				CODE_SIGN_STYLE = Automatic;
				CURRENT_PROJECT_VERSION = 1;
				DEVELOPMENT_TEAM = MSVFBRY49T;
				GENERATE_INFOPLIST_FILE = YES;
				INFOPLIST_FILE = NetflixCopy/Info.plist;
				INFOPLIST_KEY_UIApplicationSupportsIndirectInputEvents = YES;
				INFOPLIST_KEY_UILaunchStoryboardName = LaunchScreen;
				INFOPLIST_KEY_UISupportedInterfaceOrientations_iPad = "UIInterfaceOrientationPortrait UIInterfaceOrientationPortraitUpsideDown UIInterfaceOrientationLandscapeLeft UIInterfaceOrientationLandscapeRight";
				INFOPLIST_KEY_UISupportedInterfaceOrientations_iPhone = "UIInterfaceOrientationPortrait UIInterfaceOrientationLandscapeLeft UIInterfaceOrientationLandscapeRight";
				LD_RUNPATH_SEARCH_PATHS = (
					"$(inherited)",
					"@executable_path/Frameworks",
				);
				MARKETING_VERSION = 1.0;
				PRODUCT_BUNDLE_IDENTIFIER = com.test.project.NetflixCopy;
				PRODUCT_NAME = "$(TARGET_NAME)";
				SUPPORTED_PLATFORMS = "iphoneos iphonesimulator";
				SUPPORTS_MACCATALYST = NO;
				SUPPORTS_MAC_DESIGNED_FOR_IPHONE_IPAD = NO;
				SWIFT_EMIT_LOC_STRINGS = YES;
				SWIFT_VERSION = 5.0;
				TARGETED_DEVICE_FAMILY = "1,2";
			};
			name = Debug;
		};
		AC4E3AA82A59E248007B7A87 /* Release */ = {
			isa = XCBuildConfiguration;
			buildSettings = {
				ASSETCATALOG_COMPILER_APPICON_NAME = AppIcon;
				ASSETCATALOG_COMPILER_GLOBAL_ACCENT_COLOR_NAME = AccentColor;
				CODE_SIGN_STYLE = Automatic;
				CURRENT_PROJECT_VERSION = 1;
				DEVELOPMENT_TEAM = MSVFBRY49T;
				GENERATE_INFOPLIST_FILE = YES;
				INFOPLIST_FILE = NetflixCopy/Info.plist;
				INFOPLIST_KEY_UIApplicationSupportsIndirectInputEvents = YES;
				INFOPLIST_KEY_UILaunchStoryboardName = LaunchScreen;
				INFOPLIST_KEY_UISupportedInterfaceOrientations_iPad = "UIInterfaceOrientationPortrait UIInterfaceOrientationPortraitUpsideDown UIInterfaceOrientationLandscapeLeft UIInterfaceOrientationLandscapeRight";
				INFOPLIST_KEY_UISupportedInterfaceOrientations_iPhone = "UIInterfaceOrientationPortrait UIInterfaceOrientationLandscapeLeft UIInterfaceOrientationLandscapeRight";
				LD_RUNPATH_SEARCH_PATHS = (
					"$(inherited)",
					"@executable_path/Frameworks",
				);
				MARKETING_VERSION = 1.0;
				PRODUCT_BUNDLE_IDENTIFIER = com.test.project.NetflixCopy;
				PRODUCT_NAME = "$(TARGET_NAME)";
				SUPPORTED_PLATFORMS = "iphoneos iphonesimulator";
				SUPPORTS_MACCATALYST = NO;
				SUPPORTS_MAC_DESIGNED_FOR_IPHONE_IPAD = NO;
				SWIFT_EMIT_LOC_STRINGS = YES;
				SWIFT_VERSION = 5.0;
				TARGETED_DEVICE_FAMILY = "1,2";
			};
			name = Release;
		};
/* End XCBuildConfiguration section */

/* Begin XCConfigurationList section */
		AC4E3A8D2A59E246007B7A87 /* Build configuration list for PBXProject "NetflixCopy" */ = {
			isa = XCConfigurationList;
			buildConfigurations = (
				AC4E3AA42A59E248007B7A87 /* Debug */,
				AC4E3AA52A59E248007B7A87 /* Release */,
			);
			defaultConfigurationIsVisible = 0;
			defaultConfigurationName = Release;
		};
		AC4E3AA62A59E248007B7A87 /* Build configuration list for PBXNativeTarget "NetflixCopy" */ = {
			isa = XCConfigurationList;
			buildConfigurations = (
				AC4E3AA72A59E248007B7A87 /* Debug */,
				AC4E3AA82A59E248007B7A87 /* Release */,
			);
			defaultConfigurationIsVisible = 0;
			defaultConfigurationName = Release;
		};
/* End XCConfigurationList section */
	};
	rootObject = AC4E3A8A2A59E246007B7A87 /* Project object */;
}
